// !$*UTF8*$!
{
	archiveVersion = 1;
	classes = {
	};
	objectVersion = 77;
	objects = {

/* Begin PBXBuildFile section */
		7E147E2A2E3BD22D00E923CC /* Auth in Frameworks */ = {isa = PBXBuildFile; productRef = 7E147E292E3BD22D00E923CC /* Auth */; };
		7E147E2C2E3BD22D00E923CC /* Supabase in Frameworks */ = {isa = PBXBuildFile; productRef = 7E147E2B2E3BD22D00E923CC /* Supabase */; };
		7E147E302E3BD22D00E923CC /* Realtime in Frameworks */ = {isa = PBXBuildFile; productRef = 7E147E2F2E3BD22D00E923CC /* Realtime */; };
		7E147E3E2E3BD29000E923CC /* SupabaseStorage in Frameworks */ = {isa = PBXBuildFile; productRef = 7E147E3D2E3BD29000E923CC /* SupabaseStorage */; };
		7E147E442E3BD2C700E923CC /* MarkdownUI in Frameworks */ = {isa = PBXBuildFile; productRef = 7E147E432E3BD2C700E923CC /* MarkdownUI */; };
		7E147E472E3BD2F900E923CC /* Ashton in Frameworks */ = {isa = PBXBuildFile; productRef = 7E147E462E3BD2F900E923CC /* Ashton */; };
		7E147E4A2E3BD30E00E923CC /* RichTextKit in Frameworks */ = {isa = PBXBuildFile; productRef = 7E147E492E3BD30E00E923CC /* RichTextKit */; };
		7E5685222E3BB116006B7F09 /* HTML2Markdown in Frameworks */ = {isa = PBXBuildFile; productRef = 7E5685212E3BB116006B7F09 /* HTML2Markdown */; };
/* End PBXBuildFile section */

/* Begin PBXContainerItemProxy section */
		7E5151202E1EC39F00A6F304 /* PBXContainerItemProxy */ = {
			isa = PBXContainerItemProxy;
			containerPortal = 7E51510A2E1EC39C00A6F304 /* Project object */;
			proxyType = 1;
			remoteGlobalIDString = 7E5151112E1EC39C00A6F304;
			remoteInfo = Invest_V3;
		};
		7E51512A2E1EC39F00A6F304 /* PBXContainerItemProxy */ = {
			isa = PBXContainerItemProxy;
			containerPortal = 7E51510A2E1EC39C00A6F304 /* Project object */;
			proxyType = 1;
			remoteGlobalIDString = 7E5151112E1EC39C00A6F304;
			remoteInfo = Invest_V3;
		};
/* End PBXContainerItemProxy section */

/* Begin PBXFileReference section */
		7E5151122E1EC39C00A6F304 /* Invest_V3.app */ = {isa = PBXFileReference; explicitFileType = wrapper.application; includeInIndex = 0; path = Invest_V3.app; sourceTree = BUILT_PRODUCTS_DIR; };
		7E51511F2E1EC39F00A6F304 /* Invest_V3Tests.xctest */ = {isa = PBXFileReference; explicitFileType = wrapper.cfbundle; includeInIndex = 0; path = Invest_V3Tests.xctest; sourceTree = BUILT_PRODUCTS_DIR; };
		7E5151292E1EC39F00A6F304 /* Invest_V3UITests.xctest */ = {isa = PBXFileReference; explicitFileType = wrapper.cfbundle; includeInIndex = 0; path = Invest_V3UITests.xctest; sourceTree = BUILT_PRODUCTS_DIR; };
/* End PBXFileReference section */

/* Begin PBXFileSystemSynchronizedBuildFileExceptionSet section */
		7E5151142E1EC39C00A6F305 /* Info.plist */ = {
			isa = PBXFileSystemSynchronizedBuildFileExceptionSet;
			membershipExceptions = (
				Info.plist,
			);
			target = 7E5151112E1EC39C00A6F304 /* Invest_V3 */;
		};
/* End PBXFileSystemSynchronizedBuildFileExceptionSet section */

/* Begin PBXFileSystemSynchronizedRootGroup section */
		7E5151142E1EC39C00A6F304 /* Invest_V3 */ = {
			isa = PBXFileSystemSynchronizedRootGroup;
			exceptions = (
				7E5151142E1EC39C00A6F305 /* Info.plist */,
			);
			path = Invest_V3;
			sourceTree = "<group>";
		};
		7E5151222E1EC39F00A6F304 /* Invest_V3Tests */ = {
			isa = PBXFileSystemSynchronizedRootGroup;
			path = Invest_V3Tests;
			sourceTree = "<group>";
		};
		7E51512C2E1EC39F00A6F304 /* Invest_V3UITests */ = {
			isa = PBXFileSystemSynchronizedRootGroup;
			path = Invest_V3UITests;
			sourceTree = "<group>";
		};
/* End PBXFileSystemSynchronizedRootGroup section */

/* Begin PBXFrameworksBuildPhase section */
		7E51510F2E1EC39C00A6F304 /* Frameworks */ = {
			isa = PBXFrameworksBuildPhase;
			buildActionMask = 2147483647;
			files = (
				7E147E472E3BD2F900E923CC /* Ashton in Frameworks */,
				7E147E442E3BD2C700E923CC /* MarkdownUI in Frameworks */,
				7E147E3E2E3BD29000E923CC /* SupabaseStorage in Frameworks */,
				7E147E2C2E3BD22D00E923CC /* Supabase in Frameworks */,
				7E147E2A2E3BD22D00E923CC /* Auth in Frameworks */,
				7E147E4A2E3BD30E00E923CC /* RichTextKit in Frameworks */,
				7E147E302E3BD22D00E923CC /* Realtime in Frameworks */,
				7E5685222E3BB116006B7F09 /* HTML2Markdown in Frameworks */,
			);
			runOnlyForDeploymentPostprocessing = 0;
		};
		7E51511C2E1EC39F00A6F304 /* Frameworks */ = {
			isa = PBXFrameworksBuildPhase;
			buildActionMask = 2147483647;
			files = (
			);
			runOnlyForDeploymentPostprocessing = 0;
		};
		7E5151262E1EC39F00A6F304 /* Frameworks */ = {
			isa = PBXFrameworksBuildPhase;
			buildActionMask = 2147483647;
			files = (
			);
			runOnlyForDeploymentPostprocessing = 0;
		};
/* End PBXFrameworksBuildPhase section */

/* Begin PBXGroup section */
		7E5151092E1EC39C00A6F304 = {
			isa = PBXGroup;
			children = (
				7E5151142E1EC39C00A6F304 /* Invest_V3 */,
				7E5151222E1EC39F00A6F304 /* Invest_V3Tests */,
				7E51512C2E1EC39F00A6F304 /* Invest_V3UITests */,
				7ECEC96B2E237A0600A99CC7 /* Frameworks */,
				7E5151132E1EC39C00A6F304 /* Products */,
			);
			sourceTree = "<group>";
		};
		7E5151132E1EC39C00A6F304 /* Products */ = {
			isa = PBXGroup;
			children = (
				7E5151122E1EC39C00A6F304 /* Invest_V3.app */,
				7E51511F2E1EC39F00A6F304 /* Invest_V3Tests.xctest */,
				7E5151292E1EC39F00A6F304 /* Invest_V3UITests.xctest */,
			);
			name = Products;
			sourceTree = "<group>";
		};
		7ECEC96B2E237A0600A99CC7 /* Frameworks */ = {
			isa = PBXGroup;
			children = (
			);
			name = Frameworks;
			sourceTree = "<group>";
		};
/* End PBXGroup section */

/* Begin PBXNativeTarget section */
		7E5151112E1EC39C00A6F304 /* Invest_V3 */ = {
			isa = PBXNativeTarget;
			buildConfigurationList = 7E5151332E1EC39F00A6F304 /* Build configuration list for PBXNativeTarget "Invest_V3" */;
			buildPhases = (
				7E51510E2E1EC39C00A6F304 /* Sources */,
				7E51510F2E1EC39C00A6F304 /* Frameworks */,
				7E5151102E1EC39C00A6F304 /* Resources */,
			);
			buildRules = (
			);
			dependencies = (
			);
			fileSystemSynchronizedGroups = (
				7E5151142E1EC39C00A6F304 /* Invest_V3 */,
			);
			name = Invest_V3;
			packageProductDependencies = (
				7E5685212E3BB116006B7F09 /* HTML2Markdown */,
				7E147E2B2E3BD22D00E923CC /* Supabase */,
				7E147E292E3BD22D00E923CC /* Auth */,
				7E147E2F2E3BD22D00E923CC /* Realtime */,
				7E147E3D2E3BD29000E923CC /* SupabaseStorage */,
				7E147E432E3BD2C700E923CC /* MarkdownUI */,
				7E147E462E3BD2F900E923CC /* Ashton */,
				7E147E492E3BD30E00E923CC /* RichTextKit */,
			);
			productName = Invest_V3;
			productReference = 7E5151122E1EC39C00A6F304 /* Invest_V3.app */;
			productType = "com.apple.product-type.application";
		};
		7E51511E2E1EC39F00A6F304 /* Invest_V3Tests */ = {
			isa = PBXNativeTarget;
			buildConfigurationList = 7E5151362E1EC39F00A6F304 /* Build configuration list for PBXNativeTarget "Invest_V3Tests" */;
			buildPhases = (
				7E51511B2E1EC39F00A6F304 /* Sources */,
				7E51511C2E1EC39F00A6F304 /* Frameworks */,
				7E51511D2E1EC39F00A6F304 /* Resources */,
			);
			buildRules = (
			);
			dependencies = (
				7E5151212E1EC39F00A6F304 /* PBXTargetDependency */,
			);
			fileSystemSynchronizedGroups = (
				7E5151222E1EC39F00A6F304 /* Invest_V3Tests */,
			);
			name = Invest_V3Tests;
			packageProductDependencies = (
			);
			productName = Invest_V3Tests;
			productReference = 7E51511F2E1EC39F00A6F304 /* Invest_V3Tests.xctest */;
			productType = "com.apple.product-type.bundle.unit-test";
		};
		7E5151282E1EC39F00A6F304 /* Invest_V3UITests */ = {
			isa = PBXNativeTarget;
			buildConfigurationList = 7E5151392E1EC39F00A6F304 /* Build configuration list for PBXNativeTarget "Invest_V3UITests" */;
			buildPhases = (
				7E5151252E1EC39F00A6F304 /* Sources */,
				7E5151262E1EC39F00A6F304 /* Frameworks */,
				7E5151272E1EC39F00A6F304 /* Resources */,
			);
			buildRules = (
			);
			dependencies = (
				7E51512B2E1EC39F00A6F304 /* PBXTargetDependency */,
			);
			fileSystemSynchronizedGroups = (
				7E51512C2E1EC39F00A6F304 /* Invest_V3UITests */,
			);
			name = Invest_V3UITests;
			packageProductDependencies = (
			);
			productName = Invest_V3UITests;
			productReference = 7E5151292E1EC39F00A6F304 /* Invest_V3UITests.xctest */;
			productType = "com.apple.product-type.bundle.ui-testing";
		};
/* End PBXNativeTarget section */

/* Begin PBXProject section */
		7E51510A2E1EC39C00A6F304 /* Project object */ = {
			isa = PBXProject;
			attributes = {
				BuildIndependentTargetsInParallel = 1;
				LastSwiftUpdateCheck = 1640;
				LastUpgradeCheck = 1640;
				TargetAttributes = {
					7E5151112E1EC39C00A6F304 = {
						CreatedOnToolsVersion = 16.4;
					};
					7E51511E2E1EC39F00A6F304 = {
						CreatedOnToolsVersion = 16.4;
						TestTargetID = 7E5151112E1EC39C00A6F304;
					};
					7E5151282E1EC39F00A6F304 = {
						CreatedOnToolsVersion = 16.4;
						TestTargetID = 7E5151112E1EC39C00A6F304;
					};
				};
			};
			buildConfigurationList = 7E51510D2E1EC39C00A6F304 /* Build configuration list for PBXProject "Invest_V3" */;
			developmentRegion = en;
			hasScannedForEncodings = 0;
			knownRegions = (
				en,
				Base,
			);
			mainGroup = 7E5151092E1EC39C00A6F304;
			minimizedProjectReferenceProxies = 1;
			packageReferences = (
				7E5685202E3BB116006B7F09 /* XCRemoteSwiftPackageReference "HTML2Markdown" */,
				7E147E282E3BD22D00E923CC /* XCRemoteSwiftPackageReference "supabase-swift" */,
				7E147E3C2E3BD29000E923CC /* XCRemoteSwiftPackageReference "storage-swift" */,
				7E147E422E3BD2C700E923CC /* XCRemoteSwiftPackageReference "MarkdownUI" */,
				7E147E452E3BD2E400E923CC /* XCRemoteSwiftPackageReference "Ashton" */,
				7E147E482E3BD30E00E923CC /* XCRemoteSwiftPackageReference "RichTextKit" */,
			);
			preferredProjectObjectVersion = 77;
			productRefGroup = 7E5151132E1EC39C00A6F304 /* Products */;
			projectDirPath = "";
			projectRoot = "";
			targets = (
				7E5151112E1EC39C00A6F304 /* Invest_V3 */,
				7E51511E2E1EC39F00A6F304 /* Invest_V3Tests */,
				7E5151282E1EC39F00A6F304 /* Invest_V3UITests */,
			);
		};
/* End PBXProject section */

/* Begin PBXResourcesBuildPhase section */
		7E5151102E1EC39C00A6F304 /* Resources */ = {
			isa = PBXResourcesBuildPhase;
			buildActionMask = 2147483647;
			files = (
			);
			runOnlyForDeploymentPostprocessing = 0;
		};
		7E51511D2E1EC39F00A6F304 /* Resources */ = {
			isa = PBXResourcesBuildPhase;
			buildActionMask = 2147483647;
			files = (
			);
			runOnlyForDeploymentPostprocessing = 0;
		};
		7E5151272E1EC39F00A6F304 /* Resources */ = {
			isa = PBXResourcesBuildPhase;
			buildActionMask = 2147483647;
			files = (
			);
			runOnlyForDeploymentPostprocessing = 0;
		};
/* End PBXResourcesBuildPhase section */

/* Begin PBXSourcesBuildPhase section */
		7E51510E2E1EC39C00A6F304 /* Sources */ = {
			isa = PBXSourcesBuildPhase;
			buildActionMask = 2147483647;
			files = (
			);
			runOnlyForDeploymentPostprocessing = 0;
		};
		7E51511B2E1EC39F00A6F304 /* Sources */ = {
			isa = PBXSourcesBuildPhase;
			buildActionMask = 2147483647;
			files = (
			);
			runOnlyForDeploymentPostprocessing = 0;
		};
		7E5151252E1EC39F00A6F304 /* Sources */ = {
			isa = PBXSourcesBuildPhase;
			buildActionMask = 2147483647;
			files = (
			);
			runOnlyForDeploymentPostprocessing = 0;
		};
/* End PBXSourcesBuildPhase section */

/* Begin PBXTargetDependency section */
		7E5151212E1EC39F00A6F304 /* PBXTargetDependency */ = {
			isa = PBXTargetDependency;
			target = 7E5151112E1EC39C00A6F304 /* Invest_V3 */;
			targetProxy = 7E5151202E1EC39F00A6F304 /* PBXContainerItemProxy */;
		};
		7E51512B2E1EC39F00A6F304 /* PBXTargetDependency */ = {
			isa = PBXTargetDependency;
			target = 7E5151112E1EC39C00A6F304 /* Invest_V3 */;
			targetProxy = 7E51512A2E1EC39F00A6F304 /* PBXContainerItemProxy */;
		};
/* End PBXTargetDependency section */

/* Begin XCBuildConfiguration section */
		7E5151312E1EC39F00A6F304 /* Debug */ = {
			isa = XCBuildConfiguration;
			buildSettings = {
				ALWAYS_SEARCH_USER_PATHS = NO;
				ASSETCATALOG_COMPILER_GENERATE_SWIFT_ASSET_SYMBOL_EXTENSIONS = YES;
				CLANG_ANALYZER_NONNULL = YES;
				CLANG_ANALYZER_NUMBER_OBJECT_CONVERSION = YES_AGGRESSIVE;
				CLANG_CXX_LANGUAGE_STANDARD = "gnu++20";
				CLANG_ENABLE_MODULES = YES;
				CLANG_ENABLE_OBJC_ARC = YES;
				CLANG_ENABLE_OBJC_WEAK = YES;
				CLANG_WARN_BLOCK_CAPTURE_AUTORELEASING = YES;
				CLANG_WARN_BOOL_CONVERSION = YES;
				CLANG_WARN_COMMA = YES;
				CLANG_WARN_CONSTANT_CONVERSION = YES;
				CLANG_WARN_DEPRECATED_OBJC_IMPLEMENTATIONS = YES;
				CLANG_WARN_DIRECT_OBJC_ISA_USAGE = YES_ERROR;
				CLANG_WARN_DOCUMENTATION_COMMENTS = YES;
				CLANG_WARN_EMPTY_BODY = YES;
				CLANG_WARN_ENUM_CONVERSION = YES;
				CLANG_WARN_INFINITE_RECURSION = YES;
				CLANG_WARN_INT_CONVERSION = YES;
				CLANG_WARN_NON_LITERAL_NULL_CONVERSION = YES;
				CLANG_WARN_OBJC_IMPLICIT_RETAIN_SELF = YES;
				CLANG_WARN_OBJC_LITERAL_CONVERSION = YES;
				CLANG_WARN_OBJC_ROOT_CLASS = YES_ERROR;
				CLANG_WARN_QUOTED_INCLUDE_IN_FRAMEWORK_HEADER = YES;
				CLANG_WARN_RANGE_LOOP_ANALYSIS = YES;
				CLANG_WARN_STRICT_PROTOTYPES = YES;
				CLANG_WARN_SUSPICIOUS_MOVE = YES;
				CLANG_WARN_UNGUARDED_AVAILABILITY = YES_AGGRESSIVE;
				CLANG_WARN_UNREACHABLE_CODE = YES;
				CLANG_WARN__DUPLICATE_METHOD_MATCH = YES;
				COPY_PHASE_STRIP = NO;
				DEBUG_INFORMATION_FORMAT = dwarf;
				ENABLE_STRICT_OBJC_MSGSEND = YES;
				ENABLE_TESTABILITY = YES;
				ENABLE_USER_SCRIPT_SANDBOXING = YES;
				GCC_C_LANGUAGE_STANDARD = gnu17;
				GCC_DYNAMIC_NO_PIC = NO;
				GCC_NO_COMMON_BLOCKS = YES;
				GCC_OPTIMIZATION_LEVEL = 0;
				GCC_PREPROCESSOR_DEFINITIONS = (
					"DEBUG=1",
					"$(inherited)",
				);
				GCC_WARN_64_TO_32_BIT_CONVERSION = YES;
				GCC_WARN_ABOUT_RETURN_TYPE = YES_ERROR;
				GCC_WARN_UNDECLARED_SELECTOR = YES;
				GCC_WARN_UNINITIALIZED_AUTOS = YES_AGGRESSIVE;
				GCC_WARN_UNUSED_FUNCTION = YES;
				GCC_WARN_UNUSED_VARIABLE = YES;
				IPHONEOS_DEPLOYMENT_TARGET = 18.5;
				LOCALIZATION_PREFERS_STRING_CATALOGS = YES;
				MTL_ENABLE_DEBUG_INFO = INCLUDE_SOURCE;
				MTL_FAST_MATH = YES;
				ONLY_ACTIVE_ARCH = YES;
				SDKROOT = iphoneos;
				SWIFT_ACTIVE_COMPILATION_CONDITIONS = "DEBUG $(inherited)";
				SWIFT_OPTIMIZATION_LEVEL = "-Onone";
			};
			name = Debug;
		};
		7E5151322E1EC39F00A6F304 /* Release */ = {
			isa = XCBuildConfiguration;
			buildSettings = {
				ALWAYS_SEARCH_USER_PATHS = NO;
				ASSETCATALOG_COMPILER_GENERATE_SWIFT_ASSET_SYMBOL_EXTENSIONS = YES;
				CLANG_ANALYZER_NONNULL = YES;
				CLANG_ANALYZER_NUMBER_OBJECT_CONVERSION = YES_AGGRESSIVE;
				CLANG_CXX_LANGUAGE_STANDARD = "gnu++20";
				CLANG_ENABLE_MODULES = YES;
				CLANG_ENABLE_OBJC_ARC = YES;
				CLANG_ENABLE_OBJC_WEAK = YES;
				CLANG_WARN_BLOCK_CAPTURE_AUTORELEASING = YES;
				CLANG_WARN_BOOL_CONVERSION = YES;
				CLANG_WARN_COMMA = YES;
				CLANG_WARN_CONSTANT_CONVERSION = YES;
				CLANG_WARN_DEPRECATED_OBJC_IMPLEMENTATIONS = YES;
				CLANG_WARN_DIRECT_OBJC_ISA_USAGE = YES_ERROR;
				CLANG_WARN_DOCUMENTATION_COMMENTS = YES;
				CLANG_WARN_EMPTY_BODY = YES;
				CLANG_WARN_ENUM_CONVERSION = YES;
				CLANG_WARN_INFINITE_RECURSION = YES;
				CLANG_WARN_INT_CONVERSION = YES;
				CLANG_WARN_NON_LITERAL_NULL_CONVERSION = YES;
				CLANG_WARN_OBJC_IMPLICIT_RETAIN_SELF = YES;
				CLANG_WARN_OBJC_LITERAL_CONVERSION = YES;
				CLANG_WARN_OBJC_ROOT_CLASS = YES_ERROR;
				CLANG_WARN_QUOTED_INCLUDE_IN_FRAMEWORK_HEADER = YES;
				CLANG_WARN_RANGE_LOOP_ANALYSIS = YES;
				CLANG_WARN_STRICT_PROTOTYPES = YES;
				CLANG_WARN_SUSPICIOUS_MOVE = YES;
				CLANG_WARN_UNGUARDED_AVAILABILITY = YES_AGGRESSIVE;
				CLANG_WARN_UNREACHABLE_CODE = YES;
				CLANG_WARN__DUPLICATE_METHOD_MATCH = YES;
				COPY_PHASE_STRIP = NO;
				DEBUG_INFORMATION_FORMAT = "dwarf-with-dsym";
				ENABLE_NS_ASSERTIONS = NO;
				ENABLE_STRICT_OBJC_MSGSEND = YES;
				ENABLE_USER_SCRIPT_SANDBOXING = YES;
				GCC_C_LANGUAGE_STANDARD = gnu17;
				GCC_NO_COMMON_BLOCKS = YES;
				GCC_WARN_64_TO_32_BIT_CONVERSION = YES;
				GCC_WARN_ABOUT_RETURN_TYPE = YES_ERROR;
				GCC_WARN_UNDECLARED_SELECTOR = YES;
				GCC_WARN_UNINITIALIZED_AUTOS = YES_AGGRESSIVE;
				GCC_WARN_UNUSED_FUNCTION = YES;
				GCC_WARN_UNUSED_VARIABLE = YES;
				IPHONEOS_DEPLOYMENT_TARGET = 18.5;
				LOCALIZATION_PREFERS_STRING_CATALOGS = YES;
				MTL_ENABLE_DEBUG_INFO = NO;
				MTL_FAST_MATH = YES;
				SDKROOT = iphoneos;
				SWIFT_COMPILATION_MODE = wholemodule;
				VALIDATE_PRODUCT = YES;
			};
			name = Release;
		};
		7E5151342E1EC39F00A6F304 /* Debug */ = {
			isa = XCBuildConfiguration;
			buildSettings = {
				APNS_ENVIRONMENT = development;
				ASSETCATALOG_COMPILER_APPICON_NAME = AppIcon;
				ASSETCATALOG_COMPILER_GLOBAL_ACCENT_COLOR_NAME = AccentColor;
				CODE_SIGN_ENTITLEMENTS = "Invest_V3/Invest_V3.entitlements";
				CODE_SIGN_STYLE = Automatic;
				CURRENT_PROJECT_VERSION = 1;
				DEVELOPMENT_TEAM = 49M2757Z9N;
				ENABLE_PREVIEWS = YES;
				INFOPLIST_FILE = "Invest_V3/Info.plist";
				IPHONEOS_DEPLOYMENT_TARGET = 17.6;
				LD_RUNPATH_SEARCH_PATHS = (
					"$(inherited)",
					"@executable_path/Frameworks",
				);
				MARKETING_VERSION = 1.0;
				PRODUCT_BUNDLE_IDENTIFIER = "wyatt.com.Invest-V3";
				PRODUCT_NAME = "$(TARGET_NAME)";
				SWIFT_EMIT_LOC_STRINGS = YES;
				SWIFT_VERSION = 5.0;
				TARGETED_DEVICE_FAMILY = "1,2";
			};
			name = Debug;
		};
		7E5151352E1EC39F00A6F304 /* Release */ = {
			isa = XCBuildConfiguration;
			buildSettings = {
				APNS_ENVIRONMENT = production;
				ASSETCATALOG_COMPILER_APPICON_NAME = AppIcon;
				ASSETCATALOG_COMPILER_GLOBAL_ACCENT_COLOR_NAME = AccentColor;
				CODE_SIGN_ENTITLEMENTS = "Invest_V3/Invest_V3.entitlements";
				CODE_SIGN_STYLE = Automatic;
				CURRENT_PROJECT_VERSION = 1;
				DEVELOPMENT_TEAM = 49M2757Z9N;
				ENABLE_PREVIEWS = YES;
				INFOPLIST_FILE = "Invest_V3/Info.plist";
				IPHONEOS_DEPLOYMENT_TARGET = 17.6;
				LD_RUNPATH_SEARCH_PATHS = (
					"$(inherited)",
					"@executable_path/Frameworks",
				);
				MARKETING_VERSION = 1.0;
				PRODUCT_BUNDLE_IDENTIFIER = "wyatt.com.Invest-V3";
				PRODUCT_NAME = "$(TARGET_NAME)";
				SWIFT_EMIT_LOC_STRINGS = YES;
				SWIFT_VERSION = 5.0;
				TARGETED_DEVICE_FAMILY = "1,2";
			};
			name = Release;
		};
		7E5151372E1EC39F00A6F304 /* Debug */ = {
			isa = XCBuildConfiguration;
			buildSettings = {
				BUNDLE_LOADER = "$(TEST_HOST)";
				CODE_SIGN_STYLE = Automatic;
				CURRENT_PROJECT_VERSION = 1;
				GENERATE_INFOPLIST_FILE = YES;
				IPHONEOS_DEPLOYMENT_TARGET = 18.5;
				MARKETING_VERSION = 1.0;
				PRODUCT_BUNDLE_IDENTIFIER = "wyatt.com.Invest-V3Tests";
				PRODUCT_NAME = "$(TARGET_NAME)";
				SWIFT_EMIT_LOC_STRINGS = NO;
				SWIFT_VERSION = 5.0;
				TARGETED_DEVICE_FAMILY = "1,2";
				TEST_HOST = "$(BUILT_PRODUCTS_DIR)/Invest_V3.app/$(BUNDLE_EXECUTABLE_FOLDER_PATH)/Invest_V3";
			};
			name = Debug;
		};
		7E5151382E1EC39F00A6F304 /* Release */ = {
			isa = XCBuildConfiguration;
			buildSettings = {
				BUNDLE_LOADER = "$(TEST_HOST)";
				CODE_SIGN_STYLE = Automatic;
				CURRENT_PROJECT_VERSION = 1;
				GENERATE_INFOPLIST_FILE = YES;
				IPHONEOS_DEPLOYMENT_TARGET = 18.5;
				MARKETING_VERSION = 1.0;
				PRODUCT_BUNDLE_IDENTIFIER = "wyatt.com.Invest-V3Tests";
				PRODUCT_NAME = "$(TARGET_NAME)";
				SWIFT_EMIT_LOC_STRINGS = NO;
				SWIFT_VERSION = 5.0;
				TARGETED_DEVICE_FAMILY = "1,2";
				TEST_HOST = "$(BUILT_PRODUCTS_DIR)/Invest_V3.app/$(BUNDLE_EXECUTABLE_FOLDER_PATH)/Invest_V3";
			};
			name = Release;
		};
		7E51513A2E1EC39F00A6F304 /* Debug */ = {
			isa = XCBuildConfiguration;
			buildSettings = {
				CODE_SIGN_STYLE = Automatic;
				CURRENT_PROJECT_VERSION = 1;
				GENERATE_INFOPLIST_FILE = YES;
				MARKETING_VERSION = 1.0;
				PRODUCT_BUNDLE_IDENTIFIER = "wyatt.com.Invest-V3UITests";
				PRODUCT_NAME = "$(TARGET_NAME)";
				SWIFT_EMIT_LOC_STRINGS = NO;
				SWIFT_VERSION = 5.0;
				TARGETED_DEVICE_FAMILY = "1,2";
				TEST_TARGET_NAME = Invest_V3;
			};
			name = Debug;
		};
		7E51513B2E1EC39F00A6F304 /* Release */ = {
			isa = XCBuildConfiguration;
			buildSettings = {
				CODE_SIGN_STYLE = Automatic;
				CURRENT_PROJECT_VERSION = 1;
				GENERATE_INFOPLIST_FILE = YES;
				MARKETING_VERSION = 1.0;
				PRODUCT_BUNDLE_IDENTIFIER = "wyatt.com.Invest-V3UITests";
				PRODUCT_NAME = "$(TARGET_NAME)";
				SWIFT_EMIT_LOC_STRINGS = NO;
				SWIFT_VERSION = 5.0;
				TARGETED_DEVICE_FAMILY = "1,2";
				TEST_TARGET_NAME = Invest_V3;
			};
			name = Release;
		};
/* End XCBuildConfiguration section */

/* Begin XCConfigurationList section */
		7E51510D2E1EC39C00A6F304 /* Build configuration list for PBXProject "Invest_V3" */ = {
			isa = XCConfigurationList;
			buildConfigurations = (
				7E5151312E1EC39F00A6F304 /* Debug */,
				7E5151322E1EC39F00A6F304 /* Release */,
			);
			defaultConfigurationIsVisible = 0;
			defaultConfigurationName = Release;
		};
		7E5151332E1EC39F00A6F304 /* Build configuration list for PBXNativeTarget "Invest_V3" */ = {
			isa = XCConfigurationList;
			buildConfigurations = (
				7E5151342E1EC39F00A6F304 /* Debug */,
				7E5151352E1EC39F00A6F304 /* Release */,
			);
			defaultConfigurationIsVisible = 0;
			defaultConfigurationName = Release;
		};
		7E5151362E1EC39F00A6F304 /* Build configuration list for PBXNativeTarget "Invest_V3Tests" */ = {
			isa = XCConfigurationList;
			buildConfigurations = (
				7E5151372E1EC39F00A6F304 /* Debug */,
				7E5151382E1EC39F00A6F304 /* Release */,
			);
			defaultConfigurationIsVisible = 0;
			defaultConfigurationName = Release;
		};
		7E5151392E1EC39F00A6F304 /* Build configuration list for PBXNativeTarget "Invest_V3UITests" */ = {
			isa = XCConfigurationList;
			buildConfigurations = (
				7E51513A2E1EC39F00A6F304 /* Debug */,
				7E51513B2E1EC39F00A6F304 /* Release */,
			);
			defaultConfigurationIsVisible = 0;
			defaultConfigurationName = Release;
		};
/* End XCConfigurationList section */

/* Begin XCRemoteSwiftPackageReference section */
		7E147E282E3BD22D00E923CC /* XCRemoteSwiftPackageReference "supabase-swift" */ = {
			isa = XCRemoteSwiftPackageReference;
			repositoryURL = "https://github.com/supabase-community/supabase-swift";
			requirement = {
				kind = upToNextMajorVersion;
				minimumVersion = 2.5.1;
			};
		};
		7E147E3C2E3BD29000E923CC /* XCRemoteSwiftPackageReference "storage-swift" */ = {
			isa = XCRemoteSwiftPackageReference;
			repositoryURL = "https://github.com/supabase-community/storage-swift";
			requirement = {
				kind = upToNextMajorVersion;
				minimumVersion = 0.1.4;
			};
		};
		7E147E422E3BD2C700E923CC /* XCRemoteSwiftPackageReference "MarkdownUI" */ = {
			isa = XCRemoteSwiftPackageReference;
			repositoryURL = "https://github.com/gonzalezreal/MarkdownUI";
			requirement = {
				kind = upToNextMajorVersion;
				minimumVersion = 2.4.1;
			};
		};
		7E147E452E3BD2E400E923CC /* XCRemoteSwiftPackageReference "Ashton" */ = {
			isa = XCRemoteSwiftPackageReference;
			repositoryURL = "https://github.com/IdeasOnCanvas/Ashton.git";
			requirement = {
				kind = upToNextMajorVersion;
				minimumVersion = 2.3.2;
			};
		};
		7E147E482E3BD30E00E923CC /* XCRemoteSwiftPackageReference "RichTextKit" */ = {
			isa = XCRemoteSwiftPackageReference;
			repositoryURL = "https://github.com/danielsaidi/RichTextKit";
			requirement = {
				kind = upToNextMajorVersion;
				minimumVersion = 1.2.0;
			};
		};
		7E5685202E3BB116006B7F09 /* XCRemoteSwiftPackageReference "HTML2Markdown" */ = {
			isa = XCRemoteSwiftPackageReference;
			repositoryURL = "https://github.com/divadretlaw/HTML2Markdown.git";
			requirement = {
				kind = upToNextMajorVersion;
				minimumVersion = 3.0.2;
			};
		};
/* End XCRemoteSwiftPackageReference section */

/* Begin XCSwiftPackageProductDependency section */
		7E147E292E3BD22D00E923CC /* Auth */ = {
			isa = XCSwiftPackageProductDependency;
			package = 7E147E282E3BD22D00E923CC /* XCRemoteSwiftPackageReference "supabase-swift" */;
			productName = Auth;
		};
		7E147E2B2E3BD22D00E923CC /* Supabase */ = {
			isa = XCSwiftPackageProductDependency;
			package = 7E147E282E3BD22D00E923CC /* XCRemoteSwiftPackageReference "supabase-swift" */;
			productName = Supabase;
		};
		7E147E2F2E3BD22D00E923CC /* Realtime */ = {
			isa = XCSwiftPackageProductDependency;
			package = 7E147E282E3BD22D00E923CC /* XCRemoteSwiftPackageReference "supabase-swift" */;
			productName = Realtime;
		};
		7E147E3D2E3BD29000E923CC /* SupabaseStorage */ = {
			isa = XCSwiftPackageProductDependency;
			package = 7E147E3C2E3BD29000E923CC /* XCRemoteSwiftPackageReference "storage-swift" */;
			productName = SupabaseStorage;
		};
		7E147E432E3BD2C700E923CC /* MarkdownUI */ = {
			isa = XCSwiftPackageProductDependency;
			package = 7E147E422E3BD2C700E923CC /* XCRemoteSwiftPackageReference "MarkdownUI" */;
			productName = MarkdownUI;
		};
		7E147E462E3BD2F900E923CC /* Ashton */ = {
			isa = XCSwiftPackageProductDependency;
			package = 7E147E452E3BD2E400E923CC /* XCRemoteSwiftPackageReference "Ashton" */;
			productName = Ashton;
		};
		7E147E492E3BD30E00E923CC /* RichTextKit */ = {
			isa = XCSwiftPackageProductDependency;
			package = 7E147E482E3BD30E00E923CC /* XCRemoteSwiftPackageReference "RichTextKit" */;
			productName = RichTextKit;
		};
		7E5685212E3BB116006B7F09 /* HTML2Markdown */ = {
			isa = XCSwiftPackageProductDependency;
			package = 7E5685202E3BB116006B7F09 /* XCRemoteSwiftPackageReference "HTML2Markdown" */;
			productName = HTML2Markdown;
		};
/* End XCSwiftPackageProductDependency section */
	};
	rootObject = 7E51510A2E1EC39C00A6F304 /* Project object */;
}
