{
  "originHash" : "45702f68decd1eecb46555156a53ad6ce006f7dcb102d104b2eaa96df4d6204c",
  "pins" : [
    {
      "identity" : "html2markdown",
      "kind" : "remoteSourceControl",
      "location" : "https://github.com/divadretlaw/HTML2Markdown.git",
      "state" : {
        "revision" : "fe37711094b261d9fceeaf021143002ba37e563e",
        "version" : "3.0.2"
      }
    },
    {
      "identity" : "swiftsoup",
      "kind" : "remoteSourceControl",
      "location" : "https://github.com/scinfu/SwiftSoup",
      "state" : {
        "revision" : "a81b1a5ac933dee8c6cfccf05d5ffcc5eb8c7ec4",
        "version" : "2.10.0"
      }
    }
  ],
  "version" : 3
}
